
Microsoft Visual Studio Solution File, Format Version 12.00
Project("{FAE04EC0-301F-11D3-BF4B-00C04F79EFBC}") = "some-exercises-7", "some-exercises-7\some-exercises-7.csproj", "{5402FE12-5CF7-41EC-BF45-3187E35C9857}"
EndProject
Global
	GlobalSection(SolutionConfigurationPlatforms) = preSolution
		Debug|Any CPU = Debug|Any CPU
		Release|Any CPU = Release|Any CPU
	EndGlobalSection
	GlobalSection(ProjectConfigurationPlatforms) = postSolution
		{5402FE12-5CF7-41EC-BF45-3187E35C9857}.Debug|Any CPU.ActiveCfg = Debug|Any CPU
		{5402FE12-5CF7-41EC-BF45-3187E35C9857}.Debug|Any CPU.Build.0 = Debug|Any CPU
		{5402FE12-5CF7-41EC-BF45-3187E35C9857}.Release|Any CPU.ActiveCfg = Release|Any CPU
		{5402FE12-5CF7-41EC-BF45-3187E35C9857}.Release|Any CPU.Build.0 = Release|Any CPU
	EndGlobalSection
EndGlobal
